{
  "name": "mapbox-gl-draw-circle",
  "version": "1.1.2",
  "lockfileVersion": 3,
  "requires": true,
  "packages": {
    "": {
      "name": "mapbox-gl-draw-circle",
      "version": "1.1.2",
      "license": "MIT",
      "dependencies": {
        "@mapbox/mapbox-gl-draw": "^1.3.0",
        "@turf/along": "^7.1.0",
        "@turf/circle": "^7.1.0",
        "@turf/distance": "^7.1.0",
        "@turf/helpers": "^7.1.0",
        "@turf/length": "^7.1.0"
      },
      "devDependencies": {}
    },
    "node_modules/@mapbox/geojson-area": {
      "version": "0.2.2",
      "resolved": "https://registry.npmjs.org/@mapbox/geojson-area/-/geojson-area-0.2.2.tgz",
      "integrity": "sha512-bBqqFn1kIbLBfn7Yq1PzzwVkPYQr9lVUeT8Dhd0NL5n76PBuXzOcuLV7GOSbEB1ia8qWxH4COCvFpziEu/yReA==",
      "license": "BSD-2-Clause",
      "dependencies": {
        "wgs84": "0.0.0"
      }
    },
    "node_modules/@mapbox/geojson-normalize": {
      "version": "0.0.1",
      "resolved": "https://registry.npmjs.org/@mapbox/geojson-normalize/-/geojson-normalize-0.0.1.tgz",
      "integrity": "sha512-82V7YHcle8lhgIGqEWwtXYN5cy0QM/OHq3ypGhQTbvHR57DF0vMHMjjVSQKFfVXBe/yWCBZTyOuzvK7DFFnx5Q==",
      "license": "ISC",
      "bin": {
        "geojson-normalize": "geojson-normalize"
      }
    },
    "node_modules/@mapbox/mapbox-gl-draw": {
      "version": "1.5.0",
      "resolved": "https://registry.npmjs.org/@mapbox/mapbox-gl-draw/-/mapbox-gl-draw-1.5.0.tgz",
      "integrity": "sha512-uchQbTa8wiv6GWWTbxW1g5b8H6VySz4t91SmduNH6jjWinPze7cjcmsPUEzhySXsYpYr2/50gRJLZz3bx7O88A==",
      "license": "ISC",
      "dependencies": {
        "@mapbox/geojson-area": "^0.2.2",
        "@mapbox/geojson-normalize": "^0.0.1",
        "@mapbox/point-geometry": "^1.1.0",
        "fast-deep-equal": "^3.1.3",
        "nanoid": "^5.0.9"
      },
      "engines": {
        "node": "^18.0.0 || >=20.0.0"
      }
    },
    "node_modules/@mapbox/point-geometry": {
      "version": "1.1.0",
      "resolved": "https://registry.npmjs.org/@mapbox/point-geometry/-/point-geometry-1.1.0.tgz",
      "integrity": "sha512-YGcBz1cg4ATXDCM/71L9xveh4dynfGmcLDqufR+nQQy3fKwsAZsWd/x4621/6uJaeB9mwOHE6hPeDgXz9uViUQ==",
      "license": "ISC"
    },
    "node_modules/@turf/along": {
      "version": "7.2.0",
      "resolved": "https://registry.npmjs.org/@turf/along/-/along-7.2.0.tgz",
      "integrity": "sha512-Cf+d2LozABdb0TJoIcJwFKB+qisJY4nMUW9z6PAuZ9UCH7AR//hy2Z06vwYCKFZKP4a7DRPkOMBadQABCyoYuw==",
      "license": "MIT",
      "dependencies": {
        "@turf/bearing": "^7.2.0",
        "@turf/destination": "^7.2.0",
        "@turf/distance": "^7.2.0",
        "@turf/helpers": "^7.2.0",
        "@turf/invariant": "^7.2.0",
        "@types/geojson": "^7946.0.10",
        "tslib": "^2.8.1"
      },
      "funding": {
        "url": "https://opencollective.com/turf"
      }
    },
    "node_modules/@turf/bearing": {
      "version": "7.2.0",
      "resolved": "https://registry.npmjs.org/@turf/bearing/-/bearing-7.2.0.tgz",
      "integrity": "sha512-Jm0Xt3GgHjRrWvBtAGvgfnADLm+4exud2pRlmCYx8zfiKuNXQFkrcTZcOiJOgTfG20Agq28iSh15uta47jSIbg==",
      "license": "MIT",
      "dependencies": {
        "@turf/helpers": "^7.2.0",
        "@turf/invariant": "^7.2.0",
        "@types/geojson": "^7946.0.10",
        "tslib": "^2.8.1"
      },
      "funding": {
        "url": "https://opencollective.com/turf"
      }
    },
    "node_modules/@turf/circle": {
      "version": "7.2.0",
      "resolved": "https://registry.npmjs.org/@turf/circle/-/circle-7.2.0.tgz",
      "integrity": "sha512-1AbqBYtXhstrHmnW6jhLwsv7TtmT0mW58Hvl1uZXEDM1NCVXIR50yDipIeQPjrCuJ/Zdg/91gU8+4GuDCAxBGA==",
      "license": "MIT",
      "dependencies": {
        "@turf/destination": "^7.2.0",
        "@turf/helpers": "^7.2.0",
        "@types/geojson": "^7946.0.10",
        "tslib": "^2.8.1"
      },
      "funding": {
        "url": "https://opencollective.com/turf"
      }
    },
    "node_modules/@turf/destination": {
      "version": "7.2.0",
      "resolved": "https://registry.npmjs.org/@turf/destination/-/destination-7.2.0.tgz",
      "integrity": "sha512-8DUxtOO0Fvrh1xclIUj3d9C5WS20D21F5E+j+X9Q+ju6fcM4huOqTg5ckV1DN2Pg8caABEc5HEZJnGch/5YnYQ==",
      "license": "MIT",
      "dependencies": {
        "@turf/helpers": "^7.2.0",
        "@turf/invariant": "^7.2.0",
        "@types/geojson": "^7946.0.10",
        "tslib": "^2.8.1"
      },
      "funding": {
        "url": "https://opencollective.com/turf"
      }
    },
    "node_modules/@turf/distance": {
      "version": "7.2.0",
      "resolved": "https://registry.npmjs.org/@turf/distance/-/distance-7.2.0.tgz",
      "integrity": "sha512-HBjjXIgEcD/wJYjv7/6OZj5yoky2oUvTtVeIAqO3lL80XRvoYmVg6vkOIu6NswkerwLDDNT9kl7+BFLJoHbh6Q==",
      "license": "MIT",
      "dependencies": {
        "@turf/helpers": "^7.2.0",
        "@turf/invariant": "^7.2.0",
        "@types/geojson": "^7946.0.10",
        "tslib": "^2.8.1"
      },
      "funding": {
        "url": "https://opencollective.com/turf"
      }
    },
    "node_modules/@turf/helpers": {
      "version": "7.2.0",
      "resolved": "https://registry.npmjs.org/@turf/helpers/-/helpers-7.2.0.tgz",
      "integrity": "sha512-cXo7bKNZoa7aC7ydLmUR02oB3IgDe7MxiPuRz3cCtYQHn+BJ6h1tihmamYDWWUlPHgSNF0i3ATc4WmDECZafKw==",
      "license": "MIT",
      "dependencies": {
        "@types/geojson": "^7946.0.10",
        "tslib": "^2.8.1"
      },
      "funding": {
        "url": "https://opencollective.com/turf"
      }
    },
    "node_modules/@turf/invariant": {
      "version": "7.2.0",
      "resolved": "https://registry.npmjs.org/@turf/invariant/-/invariant-7.2.0.tgz",
      "integrity": "sha512-kV4u8e7Gkpq+kPbAKNC21CmyrXzlbBgFjO1PhrHPgEdNqXqDawoZ3i6ivE3ULJj2rSesCjduUaC/wyvH/sNr2Q==",
      "license": "MIT",
      "dependencies": {
        "@turf/helpers": "^7.2.0",
        "@types/geojson": "^7946.0.10",
        "tslib": "^2.8.1"
      },
      "funding": {
        "url": "https://opencollective.com/turf"
      }
    },
    "node_modules/@turf/length": {
      "version": "7.2.0",
      "resolved": "https://registry.npmjs.org/@turf/length/-/length-7.2.0.tgz",
      "integrity": "sha512-LBmYN+iCgVtWNLsckVnpQIJENqIIPO63mogazMp23lrDGfWXu07zZQ9ZinJVO5xYurXNhc/QI2xxoqt2Xw90Ig==",
      "license": "MIT",
      "dependencies": {
        "@turf/distance": "^7.2.0",
        "@turf/helpers": "^7.2.0",
        "@turf/meta": "^7.2.0",
        "@types/geojson": "^7946.0.10",
        "tslib": "^2.8.1"
      },
      "funding": {
        "url": "https://opencollective.com/turf"
      }
    },
    "node_modules/@turf/meta": {
      "version": "7.2.0",
      "resolved": "https://registry.npmjs.org/@turf/meta/-/meta-7.2.0.tgz",
      "integrity": "sha512-igzTdHsQc8TV1RhPuOLVo74Px/hyPrVgVOTgjWQZzt3J9BVseCdpfY/0cJBdlSRI4S/yTmmHl7gAqjhpYH5Yaw==",
      "license": "MIT",
      "dependencies": {
        "@turf/helpers": "^7.2.0",
        "@types/geojson": "^7946.0.10"
      },
      "funding": {
        "url": "https://opencollective.com/turf"
      }
    },
    "node_modules/@types/geojson": {
      "version": "7946.0.15",
      "resolved": "https://registry.npmjs.org/@types/geojson/-/geojson-7946.0.15.tgz",
      "integrity": "sha512-9oSxFzDCT2Rj6DfcHF8G++jxBKS7mBqXl5xrRW+Kbvjry6Uduya2iiwqHPhVXpasAVMBYKkEPGgKhd3+/HZ6xA==",
      "license": "MIT"
    },
    "node_modules/fast-deep-equal": {
      "version": "3.1.3",
      "resolved": "https://registry.npmjs.org/fast-deep-equal/-/fast-deep-equal-3.1.3.tgz",
      "integrity": "sha512-f3qQ9oQy9j2AhBe/H9VC91wLmKBCCU/gDOnKNAYG5hswO7BLKj09Hc5HYNz9cGI++xlpDCIgDaitVs03ATR84Q==",
      "license": "MIT"
    },
    "node_modules/nanoid": {
      "version": "5.0.9",
      "resolved": "https://registry.npmjs.org/nanoid/-/nanoid-5.0.9.tgz",
      "integrity": "sha512-Aooyr6MXU6HpvvWXKoVoXwKMs/KyVakWwg7xQfv5/S/RIgJMy0Ifa45H9qqYy7pTCszrHzP21Uk4PZq2HpEM8Q==",
      "funding": [
        {
          "type": "github",
          "url": "https://github.com/sponsors/ai"
        }
      ],
      "license": "MIT",
      "bin": {
        "nanoid": "bin/nanoid.js"
      },
      "engines": {
        "node": "^18 || >=20"
      }
    },
    "node_modules/tslib": {
      "version": "2.8.1",
      "resolved": "https://registry.npmjs.org/tslib/-/tslib-2.8.1.tgz",
      "integrity": "sha512-oJFu94HQb+KVduSUQL7wnpmqnfmLsOA/nAh6b6EH0wCEoK0/mPeXU6c3wKDV83MkOuHPRHtSXKKU99IBazS/2w==",
      "license": "0BSD"
    },
    "node_modules/wgs84": {
      "version": "0.0.0",
      "resolved": "https://registry.npmjs.org/wgs84/-/wgs84-0.0.0.tgz",
      "integrity": "sha512-ANHlY4Rb5kHw40D0NJ6moaVfOCMrp9Gpd1R/AIQYg2ko4/jzcJ+TVXYYF6kXJqQwITvEZP4yEthjM7U6rYlljQ==",
      "license": "BSD-2-Clause"
    }
  }
}
